---
# 9
by_name:
  hts:
    body: |-
      #showtooltip
      /cast [known:Howl of Terror] Howl of Terror; Shadowfury

  shts:
    body: |-
      #showtooltip
      /cast [known:Howl of Terror] Howl of Terror; [@player] Shadowfury

  bowt:
    body: |-
      #showtooltip
      /cast [known:Blight of Weakness] Blight of Weakness; Blight of Tongues

  ips:
    body: |-
      #showtooltip
      /cast [known:Implosion] Implosion; Power Siphon

  fril:
    body: |-
      #showtooltip
      /cast [known:Grimoire: Fel Ravager] Grimoire: Fel Ravager; Grimoire: Imp Lord

  srof:
    body: |-
      #showtooltip
      /cast [@player] Rain of Fire

  sstone:
    body: |-
      #showtooltip
      /cast [@player] Soulstone

  scfl:
    body: |-
      #showtooltip
      /cast [@player] Call Fel Lord

  sca:
    body: |-
      #showtooltip
      /cast [@player] Cataclysm

  inc:
    body: |-
      #showtooltip
      /cast Incinerate

  dhs:
    body: |-
      #showtooltip Demonic Healthstone
      /use Demonic Healthstone
      /use Healthstone

  ssi:
    body: |-
      #showtooltip
      /cast [@player] Summon Infernal
