---
# 9
by_name:
  bbds:
    body: |-
      #showtooltip
      /cast [known:Demonic Strength] Demonic Strength; Bilescourge Bombers

  htmc:
    body: |-
      #showtooltip
      /cast [known:Mortal Coil] Mortal Coil; Howl of Terror

  sbdg:
    body: |-
      #showtooltip Demonic Gateway
      /cast Soulburn
      /cast Demonic Gateway

  srof:
    body: |-
      #showtooltip
      /cast [@player] Rain of Fire

  scfl:
    body: |-
      #showtooltip
      /cast [@player] Call Fel Lord

  sca:
    body: |-
      #showtooltip
      /cast [@player] Cataclysm

  inc:
    body: |-
      #showtooltip
      /cast Incinerate

  dhs:
    body: |-
      #showtooltip Demonic Healthstone
      /use Demonic Healthstone
      /use Healthstone

  ssf:
    body: |-
      #showtooltip
      /cast [@player] Shadowfury

  ssi:
    body: |-
      #showtooltip
      /cast [@player] Summon Infernal
